
Microsoft Visual Studio Solution File, Format Version 12.00
# Visual Studio Version 16
VisualStudioVersion = 16.0.31605.320
MinimumVisualStudioVersion = 10.0.40219.1
Project("{FAE04EC0-301F-11D3-BF4B-00C04F79EFBC}") = "POO", "POO\POO.csproj", "{FDD71BE6-753A-43FF-93A3-2830EF2F1CA8}"
EndProject
Global
	GlobalSection(SolutionConfigurationPlatforms) = preSolution
		Debug|Any CPU = Debug|Any CPU
		Release|Any CPU = Release|Any CPU
	EndGlobalSection
	GlobalSection(ProjectConfigurationPlatforms) = postSolution
		{FDD71BE6-753A-43FF-93A3-2830EF2F1CA8}.Debug|Any CPU.ActiveCfg = Debug|Any CPU
		{FDD71BE6-753A-43FF-93A3-2830EF2F1CA8}.Debug|Any CPU.Build.0 = Debug|Any CPU
		{FDD71BE6-753A-43FF-93A3-2830EF2F1CA8}.Release|Any CPU.ActiveCfg = Release|Any CPU
		{FDD71BE6-753A-43FF-93A3-2830EF2F1CA8}.Release|Any CPU.Build.0 = Release|Any CPU
	EndGlobalSection
	GlobalSection(SolutionProperties) = preSolution
		HideSolutionNode = FALSE
	EndGlobalSection
	GlobalSection(ExtensibilityGlobals) = postSolution
		SolutionGuid = {BA68E0E7-E28C-4A85-A7DB-55E210107851}
	EndGlobalSection
EndGlobal
